PODS:
  - boost (1.76.0)
  - DoubleConversion (1.1.6)
  - FBLazyVector (0.71.32)
  - FBReactNativeSpec (0.71.32):
    - RCT-Folly (= 2021.07.22.00)
    - RCTRequired (= 0.71.32)
    - RCTTypeSafety (= 0.71.32)
    - React-Core (= 0.71.32)
    - React-jsi (= 0.71.32)
    - ReactCommon/turbomodule/core (= 0.71.32)
  - fmt (6.2.1)
  - glog (0.3.5)
  - RCT-Folly (2021.07.22.00):
    - boost
    - DoubleConversion
    - fmt (~> 6.2.1)
    - glog
    - RCT-Folly/Default (= 2021.07.22.00)
  - RCT-Folly/Default (2021.07.22.00):
    - boost
    - DoubleConversion
    - fmt (~> 6.2.1)
    - glog
  - RCTRequired (0.71.32)
  - RCTTypeSafety (0.71.32):
    - FBLazyVector (= 0.71.32)
    - RCTRequired (= 0.71.32)
    - React-Core (= 0.71.32)
  - React (0.71.32):
    - React-Core (= 0.71.32)
    - React-Core/DevSupport (= 0.71.32)
    - React-Core/RCTWebSocket (= 0.71.32)
    - React-RCTActionSheet (= 0.71.32)
    - React-RCTAnimation (= 0.71.32)
    - React-RCTBlob (= 0.71.32)
    - React-RCTImage (= 0.71.32)
    - React-RCTLinking (= 0.71.32)
    - React-RCTNetwork (= 0.71.32)
    - React-RCTSettings (= 0.71.32)
    - React-RCTText (= 0.71.32)
    - React-RCTVibration (= 0.71.32)
  - React-callinvoker (0.71.32)
  - React-Codegen (0.71.32):
    - FBReactNativeSpec
    - RCT-Folly
    - RCTRequired
    - RCTTypeSafety
    - React-Core
    - React-jsc
    - React-jsi
    - React-jsiexecutor
    - ReactCommon/turbomodule/bridging
    - ReactCommon/turbomodule/core
  - React-Core (0.71.32):
    - glog
    - RCT-Folly (= 2021.07.22.00)
    - React-Core/Default (= 0.71.32)
    - React-cxxreact (= 0.71.32)
    - React-jsc
    - React-jsi (= 0.71.32)
    - React-jsiexecutor (= 0.71.32)
    - React-perflogger (= 0.71.32)
    - SocketRocket (= 0.7.0)
    - Yoga
  - React-Core/CoreModulesHeaders (0.71.32):
    - glog
    - RCT-Folly (= 2021.07.22.00)
    - React-Core/Default
    - React-cxxreact (= 0.71.32)
    - React-jsc
    - React-jsi (= 0.71.32)
    - React-jsiexecutor (= 0.71.32)
    - React-perflogger (= 0.71.32)
    - SocketRocket (= 0.7.0)
    - Yoga
  - React-Core/Default (0.71.32):
    - glog
    - RCT-Folly (= 2021.07.22.00)
    - React-cxxreact (= 0.71.32)
    - React-jsc
    - React-jsi (= 0.71.32)
    - React-jsiexecutor (= 0.71.32)
    - React-perflogger (= 0.71.32)
    - SocketRocket (= 0.7.0)
    - Yoga
  - React-Core/DevSupport (0.71.32):
    - glog
    - RCT-Folly (= 2021.07.22.00)
    - React-Core/Default (= 0.71.32)
    - React-Core/RCTWebSocket (= 0.71.32)
    - React-cxxreact (= 0.71.32)
    - React-jsc
    - React-jsi (= 0.71.32)
    - React-jsiexecutor (= 0.71.32)
    - React-jsinspector (= 0.71.32)
    - React-perflogger (= 0.71.32)
    - SocketRocket (= 0.7.0)
    - Yoga
  - React-Core/RCTActionSheetHeaders (0.71.32):
    - glog
    - RCT-Folly (= 2021.07.22.00)
    - React-Core/Default
    - React-cxxreact (= 0.71.32)
    - React-jsc
    - React-jsi (= 0.71.32)
    - React-jsiexecutor (= 0.71.32)
    - React-perflogger (= 0.71.32)
    - SocketRocket (= 0.7.0)
    - Yoga
  - React-Core/RCTAnimationHeaders (0.71.32):
    - glog
    - RCT-Folly (= 2021.07.22.00)
    - React-Core/Default
    - React-cxxreact (= 0.71.32)
    - React-jsc
    - React-jsi (= 0.71.32)
    - React-jsiexecutor (= 0.71.32)
    - React-perflogger (= 0.71.32)
    - SocketRocket (= 0.7.0)
    - Yoga
  - React-Core/RCTBlobHeaders (0.71.32):
    - glog
    - RCT-Folly (= 2021.07.22.00)
    - React-Core/Default
    - React-cxxreact (= 0.71.32)
    - React-jsc
    - React-jsi (= 0.71.32)
    - React-jsiexecutor (= 0.71.32)
    - React-perflogger (= 0.71.32)
    - SocketRocket (= 0.7.0)
    - Yoga
  - React-Core/RCTImageHeaders (0.71.32):
    - glog
    - RCT-Folly (= 2021.07.22.00)
    - React-Core/Default
    - React-cxxreact (= 0.71.32)
    - React-jsc
    - React-jsi (= 0.71.32)
    - React-jsiexecutor (= 0.71.32)
    - React-perflogger (= 0.71.32)
    - SocketRocket (= 0.7.0)
    - Yoga
  - React-Core/RCTLinkingHeaders (0.71.32):
    - glog
    - RCT-Folly (= 2021.07.22.00)
    - React-Core/Default
    - React-cxxreact (= 0.71.32)
    - React-jsc
    - React-jsi (= 0.71.32)
    - React-jsiexecutor (= 0.71.32)
    - React-perflogger (= 0.71.32)
    - SocketRocket (= 0.7.0)
    - Yoga
  - React-Core/RCTNetworkHeaders (0.71.32):
    - glog
    - RCT-Folly (= 2021.07.22.00)
    - React-Core/Default
    - React-cxxreact (= 0.71.32)
    - React-jsc
    - React-jsi (= 0.71.32)
    - React-jsiexecutor (= 0.71.32)
    - React-perflogger (= 0.71.32)
    - SocketRocket (= 0.7.0)
    - Yoga
  - React-Core/RCTSettingsHeaders (0.71.32):
    - glog
    - RCT-Folly (= 2021.07.22.00)
    - React-Core/Default
    - React-cxxreact (= 0.71.32)
    - React-jsc
    - React-jsi (= 0.71.32)
    - React-jsiexecutor (= 0.71.32)
    - React-perflogger (= 0.71.32)
    - SocketRocket (= 0.7.0)
    - Yoga
  - React-Core/RCTTextHeaders (0.71.32):
    - glog
    - RCT-Folly (= 2021.07.22.00)
    - React-Core/Default
    - React-cxxreact (= 0.71.32)
    - React-jsc
    - React-jsi (= 0.71.32)
    - React-jsiexecutor (= 0.71.32)
    - React-perflogger (= 0.71.32)
    - SocketRocket (= 0.7.0)
    - Yoga
  - React-Core/RCTVibrationHeaders (0.71.32):
    - glog
    - RCT-Folly (= 2021.07.22.00)
    - React-Core/Default
    - React-cxxreact (= 0.71.32)
    - React-jsc
    - React-jsi (= 0.71.32)
    - React-jsiexecutor (= 0.71.32)
    - React-perflogger (= 0.71.32)
    - SocketRocket (= 0.7.0)
    - Yoga
  - React-Core/RCTWebSocket (0.71.32):
    - glog
    - RCT-Folly (= 2021.07.22.00)
    - React-Core/Default (= 0.71.32)
    - React-cxxreact (= 0.71.32)
    - React-jsc
    - React-jsi (= 0.71.32)
    - React-jsiexecutor (= 0.71.32)
    - React-perflogger (= 0.71.32)
    - SocketRocket (= 0.7.0)
    - Yoga
  - React-CoreModules (0.71.32):
    - RCT-Folly (= 2021.07.22.00)
    - RCTTypeSafety (= 0.71.32)
    - React-Codegen (= 0.71.32)
    - React-Core/CoreModulesHeaders (= 0.71.32)
    - React-jsi (= 0.71.32)
    - React-RCTBlob
    - React-RCTImage (= 0.71.32)
    - ReactCommon/turbomodule/core (= 0.71.32)
    - SocketRocket (= 0.7.0)
  - React-cxxreact (0.71.32):
    - boost (= 1.76.0)
    - DoubleConversion
    - glog
    - RCT-Folly (= 2021.07.22.00)
    - React-callinvoker (= 0.71.32)
    - React-jsi (= 0.71.32)
    - React-jsinspector (= 0.71.32)
    - React-logger (= 0.71.32)
    - React-perflogger (= 0.71.32)
    - React-runtimeexecutor (= 0.71.32)
  - React-jsc (0.71.32):
    - React-jsc/Fabric (= 0.71.32)
    - React-jsi (= 0.71.32)
  - React-jsc/Fabric (0.71.32):
    - React-jsi (= 0.71.32)
  - React-jsi (0.71.32):
    - boost (= 1.76.0)
    - DoubleConversion
    - glog
    - RCT-Folly (= 2021.07.22.00)
  - React-jsiexecutor (0.71.32):
    - DoubleConversion
    - glog
    - RCT-Folly (= 2021.07.22.00)
    - React-cxxreact (= 0.71.32)
    - React-jsi (= 0.71.32)
    - React-perflogger (= 0.71.32)
  - React-jsinspector (0.71.32)
  - React-logger (0.71.32):
    - glog
  - react-native-webview (13.3.1):
    - React-Core
  - React-perflogger (0.71.32)
  - React-RCTActionSheet (0.71.32):
    - React-Core/RCTActionSheetHeaders (= 0.71.32)
  - React-RCTAnimation (0.71.32):
    - RCT-Folly (= 2021.07.22.00)
    - RCTTypeSafety (= 0.71.32)
    - React-Codegen (= 0.71.32)
    - React-Core/RCTAnimationHeaders (= 0.71.32)
    - React-jsi (= 0.71.32)
    - ReactCommon/turbomodule/core (= 0.71.32)
  - React-RCTAppDelegate (0.71.32):
    - RCT-Folly
    - RCTRequired
    - RCTTypeSafety
    - React-Core
    - ReactCommon/turbomodule/core
  - React-RCTBlob (0.71.32):
    - RCT-Folly (= 2021.07.22.00)
    - React-Codegen (= 0.71.32)
    - React-Core/RCTBlobHeaders (= 0.71.32)
    - React-Core/RCTWebSocket (= 0.71.32)
    - React-jsi (= 0.71.32)
    - React-RCTNetwork (= 0.71.32)
    - ReactCommon/turbomodule/core (= 0.71.32)
  - React-RCTImage (0.71.32):
    - RCT-Folly (= 2021.07.22.00)
    - RCTTypeSafety (= 0.71.32)
    - React-Codegen (= 0.71.32)
    - React-Core/RCTImageHeaders (= 0.71.32)
    - React-jsi (= 0.71.32)
    - React-RCTNetwork (= 0.71.32)
    - ReactCommon/turbomodule/core (= 0.71.32)
  - React-RCTLinking (0.71.32):
    - React-Codegen (= 0.71.32)
    - React-Core/RCTLinkingHeaders (= 0.71.32)
    - React-jsi (= 0.71.32)
    - ReactCommon/turbomodule/core (= 0.71.32)
  - React-RCTNetwork (0.71.32):
    - RCT-Folly (= 2021.07.22.00)
    - RCTTypeSafety (= 0.71.32)
    - React-Codegen (= 0.71.32)
    - React-Core/RCTNetworkHeaders (= 0.71.32)
    - React-jsi (= 0.71.32)
    - ReactCommon/turbomodule/core (= 0.71.32)
  - React-RCTSettings (0.71.32):
    - RCT-Folly (= 2021.07.22.00)
    - RCTTypeSafety (= 0.71.32)
    - React-Codegen (= 0.71.32)
    - React-Core/RCTSettingsHeaders (= 0.71.32)
    - React-jsi (= 0.71.32)
    - ReactCommon/turbomodule/core (= 0.71.32)
  - React-RCTText (0.71.32):
    - React-Core/RCTTextHeaders (= 0.71.32)
  - React-RCTVibration (0.71.32):
    - RCT-Folly (= 2021.07.22.00)
    - React-Codegen (= 0.71.32)
    - React-Core/RCTVibrationHeaders (= 0.71.32)
    - React-jsi (= 0.71.32)
    - ReactCommon/turbomodule/core (= 0.71.32)
  - React-runtimeexecutor (0.71.32):
    - React-jsi (= 0.71.32)
  - ReactCommon/turbomodule/bridging (0.71.32):
    - DoubleConversion
    - glog
    - RCT-Folly (= 2021.07.22.00)
    - React-callinvoker (= 0.71.32)
    - React-Core (= 0.71.32)
    - React-cxxreact (= 0.71.32)
    - React-jsi (= 0.71.32)
    - React-logger (= 0.71.32)
    - React-perflogger (= 0.71.32)
  - ReactCommon/turbomodule/core (0.71.32):
    - DoubleConversion
    - glog
    - RCT-Folly (= 2021.07.22.00)
    - React-callinvoker (= 0.71.32)
    - React-Core (= 0.71.32)
    - React-cxxreact (= 0.71.32)
    - React-jsi (= 0.71.32)
    - React-logger (= 0.71.32)
    - React-perflogger (= 0.71.32)
  - ReactNativeHost (0.2.8):
    - React-Core
    - React-cxxreact
    - ReactCommon/turbomodule/core
  - ReactTestApp-DevSupport (2.5.15):
    - React-Core
    - React-jsi
  - ReactTestApp-Resources (1.0.0-dev)
  - SocketRocket (0.7.0)
  - Yoga (1.14.0)

DEPENDENCIES:
  - boost (from `../../node_modules/react-native-macos/third-party-podspecs/boost.podspec`)
  - DoubleConversion (from `../../node_modules/react-native-macos/third-party-podspecs/DoubleConversion.podspec`)
  - FBLazyVector (from `../../node_modules/react-native-macos/Libraries/FBLazyVector`)
  - FBReactNativeSpec (from `../../node_modules/react-native-macos/React/FBReactNativeSpec`)
  - glog (from `../../node_modules/react-native-macos/third-party-podspecs/glog.podspec`)
  - RCT-Folly (from `../../node_modules/react-native-macos/third-party-podspecs/RCT-Folly.podspec`)
  - RCTRequired (from `../../node_modules/react-native-macos/Libraries/RCTRequired`)
  - RCTTypeSafety (from `../../node_modules/react-native-macos/Libraries/TypeSafety`)
  - React (from `../../node_modules/react-native-macos/`)
  - React-callinvoker (from `../../node_modules/react-native-macos/ReactCommon/callinvoker`)
  - React-Codegen (from `build/generated/ios`)
  - React-Core (from `../../node_modules/react-native-macos/`)
  - React-Core/RCTWebSocket (from `../../node_modules/react-native-macos/`)
  - React-CoreModules (from `../../node_modules/react-native-macos/React/CoreModules`)
  - React-cxxreact (from `../../node_modules/react-native-macos/ReactCommon/cxxreact`)
  - React-jsc (from `../../node_modules/react-native-macos/ReactCommon/jsc`)
  - React-jsi (from `../../node_modules/react-native-macos/ReactCommon/jsi`)
  - React-jsiexecutor (from `../../node_modules/react-native-macos/ReactCommon/jsiexecutor`)
  - React-jsinspector (from `../../node_modules/react-native-macos/ReactCommon/jsinspector`)
  - React-logger (from `../../node_modules/react-native-macos/ReactCommon/logger`)
  - react-native-webview (from `../..`)
  - React-perflogger (from `../../node_modules/react-native-macos/ReactCommon/reactperflogger`)
  - React-RCTActionSheet (from `../../node_modules/react-native-macos/Libraries/ActionSheetIOS`)
  - React-RCTAnimation (from `../../node_modules/react-native-macos/Libraries/NativeAnimation`)
  - React-RCTAppDelegate (from `../../node_modules/react-native-macos/Libraries/AppDelegate`)
  - React-RCTBlob (from `../../node_modules/react-native-macos/Libraries/Blob`)
  - React-RCTImage (from `../../node_modules/react-native-macos/Libraries/Image`)
  - React-RCTLinking (from `../../node_modules/react-native-macos/Libraries/LinkingIOS`)
  - React-RCTNetwork (from `../../node_modules/react-native-macos/Libraries/Network`)
  - React-RCTSettings (from `../../node_modules/react-native-macos/Libraries/Settings`)
  - React-RCTText (from `../../node_modules/react-native-macos/Libraries/Text`)
  - React-RCTVibration (from `../../node_modules/react-native-macos/Libraries/Vibration`)
  - React-runtimeexecutor (from `../../node_modules/react-native-macos/ReactCommon/runtimeexecutor`)
  - ReactCommon/turbomodule/core (from `../../node_modules/react-native-macos/ReactCommon`)
  - "ReactNativeHost (from `../../node_modules/@rnx-kit/react-native-host`)"
  - ReactTestApp-DevSupport (from `../../node_modules/react-native-test-app`)
  - ReactTestApp-Resources (from `..`)
  - Yoga (from `../../node_modules/react-native-macos/ReactCommon/yoga`)

SPEC REPOS:
  trunk:
    - fmt
    - SocketRocket

EXTERNAL SOURCES:
  boost:
    :podspec: "../../node_modules/react-native-macos/third-party-podspecs/boost.podspec"
  DoubleConversion:
    :podspec: "../../node_modules/react-native-macos/third-party-podspecs/DoubleConversion.podspec"
  FBLazyVector:
    :path: "../../node_modules/react-native-macos/Libraries/FBLazyVector"
  FBReactNativeSpec:
    :path: "../../node_modules/react-native-macos/React/FBReactNativeSpec"
  glog:
    :podspec: "../../node_modules/react-native-macos/third-party-podspecs/glog.podspec"
  RCT-Folly:
    :podspec: "../../node_modules/react-native-macos/third-party-podspecs/RCT-Folly.podspec"
  RCTRequired:
    :path: "../../node_modules/react-native-macos/Libraries/RCTRequired"
  RCTTypeSafety:
    :path: "../../node_modules/react-native-macos/Libraries/TypeSafety"
  React:
    :path: "../../node_modules/react-native-macos/"
  React-callinvoker:
    :path: "../../node_modules/react-native-macos/ReactCommon/callinvoker"
  React-Codegen:
    :path: build/generated/ios
  React-Core:
    :path: "../../node_modules/react-native-macos/"
  React-CoreModules:
    :path: "../../node_modules/react-native-macos/React/CoreModules"
  React-cxxreact:
    :path: "../../node_modules/react-native-macos/ReactCommon/cxxreact"
  React-jsc:
    :path: "../../node_modules/react-native-macos/ReactCommon/jsc"
  React-jsi:
    :path: "../../node_modules/react-native-macos/ReactCommon/jsi"
  React-jsiexecutor:
    :path: "../../node_modules/react-native-macos/ReactCommon/jsiexecutor"
  React-jsinspector:
    :path: "../../node_modules/react-native-macos/ReactCommon/jsinspector"
  React-logger:
    :path: "../../node_modules/react-native-macos/ReactCommon/logger"
  react-native-webview:
    :path: "../.."
  React-perflogger:
    :path: "../../node_modules/react-native-macos/ReactCommon/reactperflogger"
  React-RCTActionSheet:
    :path: "../../node_modules/react-native-macos/Libraries/ActionSheetIOS"
  React-RCTAnimation:
    :path: "../../node_modules/react-native-macos/Libraries/NativeAnimation"
  React-RCTAppDelegate:
    :path: "../../node_modules/react-native-macos/Libraries/AppDelegate"
  React-RCTBlob:
    :path: "../../node_modules/react-native-macos/Libraries/Blob"
  React-RCTImage:
    :path: "../../node_modules/react-native-macos/Libraries/Image"
  React-RCTLinking:
    :path: "../../node_modules/react-native-macos/Libraries/LinkingIOS"
  React-RCTNetwork:
    :path: "../../node_modules/react-native-macos/Libraries/Network"
  React-RCTSettings:
    :path: "../../node_modules/react-native-macos/Libraries/Settings"
  React-RCTText:
    :path: "../../node_modules/react-native-macos/Libraries/Text"
  React-RCTVibration:
    :path: "../../node_modules/react-native-macos/Libraries/Vibration"
  React-runtimeexecutor:
    :path: "../../node_modules/react-native-macos/ReactCommon/runtimeexecutor"
  ReactCommon:
    :path: "../../node_modules/react-native-macos/ReactCommon"
  ReactNativeHost:
    :path: "../../node_modules/@rnx-kit/react-native-host"
  ReactTestApp-DevSupport:
    :path: "../../node_modules/react-native-test-app"
  ReactTestApp-Resources:
    :path: ".."
  Yoga:
    :path: "../../node_modules/react-native-macos/ReactCommon/yoga"

SPEC CHECKSUMS:
  boost: 8fa3cd00fa17ef6c3221e5fd283fa93e81d23017
  DoubleConversion: acaf5db79676d2e9119015819153f0f99191de12
  FBLazyVector: bbda85128f5e65ef62efd54d17d95d55e693b1ad
  FBReactNativeSpec: 058d825b7c69f8ca729edbe86c0530b836e111f3
  fmt: ff9d55029c625d3757ed641535fd4a75fedc7ce9
  glog: 6df0a3d6e2750a50609471fd1a01fd2948d405b5
  RCT-Folly: bf7b4921a91932051ebf1c5c2d297154b1fa3c8c
  RCTRequired: bd77234e655f56d17d6b65a092dc390d4ae951f0
  RCTTypeSafety: 6c03433c3bb1493bdde47b5b6cff5744fc50c42c
  React: 87f588edd4012ca3f088af93e4b723907758fafe
  React-callinvoker: b1d38678e69b2bb385837d5c2d31568ad478a029
  React-Codegen: 2814e91a6d73552b0f2b8e93fd5204e1a42bff15
  React-Core: 5620cb5967391de99d9642886e149376a684546a
  React-CoreModules: 32353a3c7cece800bcbadb236e08c4ad7be22389
  React-cxxreact: e93ea45e0ef0fb738513041971260454009d2663
  React-jsc: bc258b131656a4f1017db680fccf0cafbe9bb8f1
  React-jsi: f565e9f9acc8fa9e007148416a4c7e46550fd495
  React-jsiexecutor: f5e70f24cbe111aaa346a56976cddaf52d9c9f22
  React-jsinspector: 0676d290b57390bdc6a2cf6a353cfac04127970e
  React-logger: 3bbf020c2b6e178f4d7321ca19e09a8bd7bebce3
  react-native-webview: c2b70afb1d910cdd8810375aecc6c2894e2ba061
  React-perflogger: 91ce4a97955910b000b6182a4c08eb2caacfe22f
  React-RCTActionSheet: ac15eb54e8b94500aef1f7df9650eaaa5c60715f
  React-RCTAnimation: 859de1bfd2faa1d0da235ce6de36a661c027a8a2
  React-RCTAppDelegate: 6cd2604d72db9ba6187e6deb2182e71ddaa83e61
  React-RCTBlob: 2e51f0c7825197e27ad8a69f8f6b37081bd18e50
  React-RCTImage: 36a34dafdfe888eeeebcaae761f5552a250c03e1
  React-RCTLinking: c1ac842d2ced4855af5df0a09cf0855662d9c5a3
  React-RCTNetwork: 6ce0c158b45ccabc8e7d94e0fd514dbc197b2c22
  React-RCTSettings: e9f1852fbc53941caf0f70442f15a7834939081a
  React-RCTText: abf299079e173f5f5220902948a8fee5707c1749
  React-RCTVibration: 05e9bd70c4dfdcc41cb379ee1c4a464d502ba8e5
  React-runtimeexecutor: 02f5e10dc82986982483fe1b277e11ad0245aeba
  ReactCommon: e4af83d7732dfa1566698a549acb1f02ec19ecd6
  ReactNativeHost: 5caf8c9381f26c453fabbe8c3b87f6a013a3c459
  ReactTestApp-DevSupport: 9b9eb9bf56d1a2f3ce71875c20597decdc04683c
  ReactTestApp-Resources: 8539dac0f8d2ef3821827a537e37812104c6ff78
  SocketRocket: abac6f5de4d4d62d24e11868d7a2f427e0ef940d
  Yoga: fdbb4587bcc2b1f07c0070e7b2d8f83a3d5f76e1

PODFILE CHECKSUM: 3ad7b6f02d15d45c80a21a9adca7ac8f2d66eaac

COCOAPODS: 1.12.1
